// !$*UTF8*$!
{
	archiveVersion = 1;
	classes = {
	};
	objectVersion = 46;
	objects = {

/* Begin PBXBuildFile section */
		AE7B71481DC096D4003AD8ED /* AppDelegate.swift in Sources */ = {isa = PBXBuildFile; fileRef = AE7B71471DC096D4003AD8ED /* AppDelegate.swift */; };
		AE7B714A1DC096D4003AD8ED /* ViewController.swift in Sources */ = {isa = PBXBuildFile; fileRef = AE7B71491DC096D4003AD8ED /* ViewController.swift */; };
		AE7B714D1DC096D4003AD8ED /* Main.storyboard in Resources */ = {isa = PBXBuildFile; fileRef = AE7B714B1DC096D4003AD8ED /* Main.storyboard */; };
		AE7B714F1DC096D4003AD8ED /* Assets.xcassets in Resources */ = {isa = PBXBuildFile; fileRef = AE7B714E1DC096D4003AD8ED /* Assets.xcassets */; };
		AE7B71521DC096D4003AD8ED /* LaunchScreen.storyboard in Resources */ = {isa = PBXBuildFile; fileRef = AE7B71501DC096D4003AD8ED /* LaunchScreen.storyboard */; };
/* End PBXBuildFile section */

/* Begin PBXFileReference section */
		AE7B71441DC096D4003AD8ED /* Survey.app */ = {isa = PBXFileReference; explicitFileType = wrapper.application; includeInIndex = 0; path = Survey.app; sourceTree = BUILT_PRODUCTS_DIR; };
		AE7B71471DC096D4003AD8ED /* AppDelegate.swift */ = {isa = PBXFileReference; lastKnownFileType = sourcecode.swift; path = AppDelegate.swift; sourceTree = "<group>"; };
		AE7B71491DC096D4003AD8ED /* ViewController.swift */ = {isa = PBXFileReference; lastKnownFileType = sourcecode.swift; path = ViewController.swift; sourceTree = "<group>"; };
		AE7B714C1DC096D4003AD8ED /* Base */ = {isa = PBXFileReference; lastKnownFileType = file.storyboard; name = Base; path = Base.lproj/Main.storyboard; sourceTree = "<group>"; };
		AE7B714E1DC096D4003AD8ED /* Assets.xcassets */ = {isa = PBXFileReference; lastKnownFileType = folder.assetcatalog; path = Assets.xcassets; sourceTree = "<group>"; };
		AE7B71511DC096D4003AD8ED /* Base */ = {isa = PBXFileReference; lastKnownFileType = file.storyboard; name = Base; path = Base.lproj/LaunchScreen.storyboard; sourceTree = "<group>"; };
		AE7B71531DC096D4003AD8ED /* Info.plist */ = {isa = PBXFileReference; lastKnownFileType = text.plist.xml; path = Info.plist; sourceTree = "<group>"; };
/* End PBXFileReference section */

/* Begin PBXFrameworksBuildPhase section */
		AE7B71411DC096D4003AD8ED /* Frameworks */ = {
			isa = PBXFrameworksBuildPhase;
			buildActionMask = 2147483647;
			files = (
			);
			runOnlyForDeploymentPostprocessing = 0;
		};
/* End PBXFrameworksBuildPhase section */

/* Begin PBXGroup section */
		AE7B713B1DC096D4003AD8ED = {
			isa = PBXGroup;
			children = (
				AE7B71461DC096D4003AD8ED /* Survey */,
				AE7B71451DC096D4003AD8ED /* Products */,
			);
			sourceTree = "<group>";
		};
		AE7B71451DC096D4003AD8ED /* Products */ = {
			isa = PBXGroup;
			children = (
				AE7B71441DC096D4003AD8ED /* Survey.app */,
			);
			name = Products;
			sourceTree = "<group>";
		};
		AE7B71461DC096D4003AD8ED /* Survey */ = {
			isa = PBXGroup;
			children = (
				AE7B71471DC096D4003AD8ED /* AppDelegate.swift */,
				AE7B71491DC096D4003AD8ED /* ViewController.swift */,
				AE7B714B1DC096D4003AD8ED /* Main.storyboard */,
				AE7B714E1DC096D4003AD8ED /* Assets.xcassets */,
				AE7B71501DC096D4003AD8ED /* LaunchScreen.storyboard */,
				AE7B71531DC096D4003AD8ED /* Info.plist */,
			);
			path = Survey;
			sourceTree = "<group>";
		};
/* End PBXGroup section */

/* Begin PBXNativeTarget section */
		AE7B71431DC096D4003AD8ED /* Survey */ = {
			isa = PBXNativeTarget;
			buildConfigurationList = AE7B71561DC096D4003AD8ED /* Build configuration list for PBXNativeTarget "Survey" */;
			buildPhases = (
				AE7B71401DC096D4003AD8ED /* Sources */,
				AE7B71411DC096D4003AD8ED /* Frameworks */,
				AE7B71421DC096D4003AD8ED /* Resources */,
			);
			buildRules = (
			);
			dependencies = (
			);
			name = Survey;
			productName = Survey;
			productReference = AE7B71441DC096D4003AD8ED /* Survey.app */;
			productType = "com.apple.product-type.application";
		};
/* End PBXNativeTarget section */

/* Begin PBXProject section */
		AE7B713C1DC096D4003AD8ED /* Project object */ = {
			isa = PBXProject;
			attributes = {
				LastSwiftUpdateCheck = 0800;
				LastUpgradeCheck = 0800;
				ORGANIZATIONNAME = WillowRivers;
				TargetAttributes = {
					AE7B71431DC096D4003AD8ED = {
						CreatedOnToolsVersion = 8.0;
						DevelopmentTeam = N3HC7SAE25;
						ProvisioningStyle = Automatic;
					};
				};
			};
			buildConfigurationList = AE7B713F1DC096D4003AD8ED /* Build configuration list for PBXProject "Survey" */;
			compatibilityVersion = "Xcode 3.2";
			developmentRegion = English;
			hasScannedForEncodings = 0;
			knownRegions = (
				en,
				Base,
			);
			mainGroup = AE7B713B1DC096D4003AD8ED;
			productRefGroup = AE7B71451DC096D4003AD8ED /* Products */;
			projectDirPath = "";
			projectRoot = "";
			targets = (
				AE7B71431DC096D4003AD8ED /* Survey */,
			);
		};
/* End PBXProject section */

/* Begin PBXResourcesBuildPhase section */
		AE7B71421DC096D4003AD8ED /* Resources */ = {
			isa = PBXResourcesBuildPhase;
			buildActionMask = 2147483647;
			files = (
				AE7B71521DC096D4003AD8ED /* LaunchScreen.storyboard in Resources */,
				AE7B714F1DC096D4003AD8ED /* Assets.xcassets in Resources */,
				AE7B714D1DC096D4003AD8ED /* Main.storyboard in Resources */,
			);
			runOnlyForDeploymentPostprocessing = 0;
		};
/* End PBXResourcesBuildPhase section */

/* Begin PBXSourcesBuildPhase section */
		AE7B71401DC096D4003AD8ED /* Sources */ = {
			isa = PBXSourcesBuildPhase;
			buildActionMask = 2147483647;
			files = (
				AE7B714A1DC096D4003AD8ED /* ViewController.swift in Sources */,
				AE7B71481DC096D4003AD8ED /* AppDelegate.swift in Sources */,
			);
			runOnlyForDeploymentPostprocessing = 0;
		};
/* End PBXSourcesBuildPhase section */

/* Begin PBXVariantGroup section */
		AE7B714B1DC096D4003AD8ED /* Main.storyboard */ = {
			isa = PBXVariantGroup;
			children = (
				AE7B714C1DC096D4003AD8ED /* Base */,
			);
			name = Main.storyboard;
			sourceTree = "<group>";
		};
		AE7B71501DC096D4003AD8ED /* LaunchScreen.storyboard */ = {
			isa = PBXVariantGroup;
			children = (
				AE7B71511DC096D4003AD8ED /* Base */,
			);
			name = LaunchScreen.storyboard;
			sourceTree = "<group>";
		};
/* End PBXVariantGroup section */

/* Begin XCBuildConfiguration section */
		AE7B71541DC096D4003AD8ED /* Debug */ = {
			isa = XCBuildConfiguration;
			buildSettings = {
				ALWAYS_SEARCH_USER_PATHS = NO;
				CLANG_ANALYZER_NONNULL = YES;
				CLANG_CXX_LANGUAGE_STANDARD = "gnu++0x";
				CLANG_CXX_LIBRARY = "libc++";
				CLANG_ENABLE_MODULES = YES;
				CLANG_ENABLE_OBJC_ARC = YES;
				CLANG_WARN_BOOL_CONVERSION = YES;
				CLANG_WARN_CONSTANT_CONVERSION = YES;
				CLANG_WARN_DIRECT_OBJC_ISA_USAGE = YES_ERROR;
				CLANG_WARN_DOCUMENTATION_COMMENTS = YES;
				CLANG_WARN_EMPTY_BODY = YES;
				CLANG_WARN_ENUM_CONVERSION = YES;
				CLANG_WARN_INFINITE_RECURSION = YES;
				CLANG_WARN_INT_CONVERSION = YES;
				CLANG_WARN_OBJC_ROOT_CLASS = YES_ERROR;
				CLANG_WARN_SUSPICIOUS_MOVES = YES;
				CLANG_WARN_UNREACHABLE_CODE = YES;
				CLANG_WARN__DUPLICATE_METHOD_MATCH = YES;
				"CODE_SIGN_IDENTITY[sdk=iphoneos*]" = "iPhone Developer";
				COPY_PHASE_STRIP = NO;
				DEBUG_INFORMATION_FORMAT = dwarf;
				ENABLE_STRICT_OBJC_MSGSEND = YES;
				ENABLE_TESTABILITY = YES;
				GCC_C_LANGUAGE_STANDARD = gnu99;
				GCC_DYNAMIC_NO_PIC = NO;
				GCC_NO_COMMON_BLOCKS = YES;
				GCC_OPTIMIZATION_LEVEL = 0;
				GCC_PREPROCESSOR_DEFINITIONS = (
					"DEBUG=1",
					"$(inherited)",
				);
				GCC_WARN_64_TO_32_BIT_CONVERSION = YES;
				GCC_WARN_ABOUT_RETURN_TYPE = YES_ERROR;
				GCC_WARN_UNDECLARED_SELECTOR = YES;
				GCC_WARN_UNINITIALIZED_AUTOS = YES_AGGRESSIVE;
				GCC_WARN_UNUSED_FUNCTION = YES;
				GCC_WARN_UNUSED_VARIABLE = YES;
				IPHONEOS_DEPLOYMENT_TARGET = 10.0;
				MTL_ENABLE_DEBUG_INFO = YES;
				ONLY_ACTIVE_ARCH = YES;
				SDKROOT = iphoneos;
				SWIFT_ACTIVE_COMPILATION_CONDITIONS = DEBUG;
				SWIFT_OPTIMIZATION_LEVEL = "-Onone";
			};
			name = Debug;
		};
		AE7B71551DC096D4003AD8ED /* Release */ = {
			isa = XCBuildConfiguration;
			buildSettings = {
				ALWAYS_SEARCH_USER_PATHS = NO;
				CLANG_ANALYZER_NONNULL = YES;
				CLANG_CXX_LANGUAGE_STANDARD = "gnu++0x";
				CLANG_CXX_LIBRARY = "libc++";
				CLANG_ENABLE_MODULES = YES;
				CLANG_ENABLE_OBJC_ARC = YES;
				CLANG_WARN_BOOL_CONVERSION = YES;
				CLANG_WARN_CONSTANT_CONVERSION = YES;
				CLANG_WARN_DIRECT_OBJC_ISA_USAGE = YES_ERROR;
				CLANG_WARN_DOCUMENTATION_COMMENTS = YES;
				CLANG_WARN_EMPTY_BODY = YES;
				CLANG_WARN_ENUM_CONVERSION = YES;
				CLANG_WARN_INFINITE_RECURSION = YES;
				CLANG_WARN_INT_CONVERSION = YES;
				CLANG_WARN_OBJC_ROOT_CLASS = YES_ERROR;
				CLANG_WARN_SUSPICIOUS_MOVES = YES;
				CLANG_WARN_UNREACHABLE_CODE = YES;
				CLANG_WARN__DUPLICATE_METHOD_MATCH = YES;
				"CODE_SIGN_IDENTITY[sdk=iphoneos*]" = "iPhone Developer";
				COPY_PHASE_STRIP = NO;
				DEBUG_INFORMATION_FORMAT = "dwarf-with-dsym";
				ENABLE_NS_ASSERTIONS = NO;
				ENABLE_STRICT_OBJC_MSGSEND = YES;
				GCC_C_LANGUAGE_STANDARD = gnu99;
				GCC_NO_COMMON_BLOCKS = YES;
				GCC_WARN_64_TO_32_BIT_CONVERSION = YES;
				GCC_WARN_ABOUT_RETURN_TYPE = YES_ERROR;
				GCC_WARN_UNDECLARED_SELECTOR = YES;
				GCC_WARN_UNINITIALIZED_AUTOS = YES_AGGRESSIVE;
				GCC_WARN_UNUSED_FUNCTION = YES;
				GCC_WARN_UNUSED_VARIABLE = YES;
				IPHONEOS_DEPLOYMENT_TARGET = 10.0;
				MTL_ENABLE_DEBUG_INFO = NO;
				SDKROOT = iphoneos;
				SWIFT_OPTIMIZATION_LEVEL = "-Owholemodule";
				VALIDATE_PRODUCT = YES;
			};
			name = Release;
		};
		AE7B71571DC096D4003AD8ED /* Debug */ = {
			isa = XCBuildConfiguration;
			buildSettings = {
				ASSETCATALOG_COMPILER_APPICON_NAME = AppIcon;
				DEVELOPMENT_TEAM = N3HC7SAE25;
				INFOPLIST_FILE = Survey/Info.plist;
				LD_RUNPATH_SEARCH_PATHS = "$(inherited) @executable_path/Frameworks";
				PRODUCT_BUNDLE_IDENTIFIER = gree.Survey;
				PRODUCT_NAME = "$(TARGET_NAME)";
				SWIFT_VERSION = 3.0;
			};
			name = Debug;
		};
		AE7B71581DC096D4003AD8ED /* Release */ = {
			isa = XCBuildConfiguration;
			buildSettings = {
				ASSETCATALOG_COMPILER_APPICON_NAME = AppIcon;
				DEVELOPMENT_TEAM = N3HC7SAE25;
				INFOPLIST_FILE = Survey/Info.plist;
				LD_RUNPATH_SEARCH_PATHS = "$(inherited) @executable_path/Frameworks";
				PRODUCT_BUNDLE_IDENTIFIER = gree.Survey;
				PRODUCT_NAME = "$(TARGET_NAME)";
				SWIFT_VERSION = 3.0;
			};
			name = Release;
		};
/* End XCBuildConfiguration section */

/* Begin XCConfigurationList section */
		AE7B713F1DC096D4003AD8ED /* Build configuration list for PBXProject "Survey" */ = {
			isa = XCConfigurationList;
			buildConfigurations = (
				AE7B71541DC096D4003AD8ED /* Debug */,
				AE7B71551DC096D4003AD8ED /* Release */,
			);
			defaultConfigurationIsVisible = 0;
			defaultConfigurationName = Release;
		};
		AE7B71561DC096D4003AD8ED /* Build configuration list for PBXNativeTarget "Survey" */ = {
			isa = XCConfigurationList;
			buildConfigurations = (
				AE7B71571DC096D4003AD8ED /* Debug */,
				AE7B71581DC096D4003AD8ED /* Release */,
			);
			defaultConfigurationIsVisible = 0;
		};
/* End XCConfigurationList section */
	};
	rootObject = AE7B713C1DC096D4003AD8ED /* Project object */;
}
